// !$*UTF8*$!
{
	archiveVersion = 1;
	classes = {
	};
	objectVersion = 56;
	objects = {

/* Begin PBXBuildFile section */
		11223C112C08EB2F007EE180 /* BookSamples.swift in Sources */ = {isa = PBXBuildFile; fileRef = 11223C102C08EB2F007EE180 /* BookSamples.swift */; };
		11223C132C08F04D007EE180 /* PreviewContainer.swift in Sources */ = {isa = PBXBuildFile; fileRef = 11223C122C08F04D007EE180 /* PreviewContainer.swift */; };
		112E94BA2C03D6C300570137 /* KitapDostumApp.swift in Sources */ = {isa = PBXBuildFile; fileRef = 112E94B92C03D6C300570137 /* KitapDostumApp.swift */; };
		112E94BC2C03D6C300570137 /* BookListView.swift in Sources */ = {isa = PBXBuildFile; fileRef = 112E94BB2C03D6C300570137 /* BookListView.swift */; };
		112E94BE2C03D6C500570137 /* Assets.xcassets in Resources */ = {isa = PBXBuildFile; fileRef = 112E94BD2C03D6C500570137 /* Assets.xcassets */; };
		112E94C12C03D6C500570137 /* Preview Assets.xcassets in Resources */ = {isa = PBXBuildFile; fileRef = 112E94C02C03D6C500570137 /* Preview Assets.xcassets */; };
		112E94C82C03D6D500570137 /* Book.swift in Sources */ = {isa = PBXBuildFile; fileRef = 112E94C72C03D6D500570137 /* Book.swift */; };
		11A6A9782C05CD8C0040F00B /* NewBookView.swift in Sources */ = {isa = PBXBuildFile; fileRef = 11A6A9772C05CD8C0040F00B /* NewBookView.swift */; };
		11A6A97A2C0601800040F00B /* EditBookView.swift in Sources */ = {isa = PBXBuildFile; fileRef = 11A6A9792C0601800040F00B /* EditBookView.swift */; };
		11A6A97C2C06189F0040F00B /* RatingsView.swift in Sources */ = {isa = PBXBuildFile; fileRef = 11A6A97B2C06189F0040F00B /* RatingsView.swift */; };
/* End PBXBuildFile section */

/* Begin PBXFileReference section */
		11223C102C08EB2F007EE180 /* BookSamples.swift */ = {isa = PBXFileReference; lastKnownFileType = sourcecode.swift; path = BookSamples.swift; sourceTree = "<group>"; };
		11223C122C08F04D007EE180 /* PreviewContainer.swift */ = {isa = PBXFileReference; lastKnownFileType = sourcecode.swift; path = PreviewContainer.swift; sourceTree = "<group>"; };
		112E94B62C03D6C300570137 /* KitapDostum.app */ = {isa = PBXFileReference; explicitFileType = wrapper.application; includeInIndex = 0; path = KitapDostum.app; sourceTree = BUILT_PRODUCTS_DIR; };
		112E94B92C03D6C300570137 /* KitapDostumApp.swift */ = {isa = PBXFileReference; lastKnownFileType = sourcecode.swift; path = KitapDostumApp.swift; sourceTree = "<group>"; };
		112E94BB2C03D6C300570137 /* BookListView.swift */ = {isa = PBXFileReference; lastKnownFileType = sourcecode.swift; path = BookListView.swift; sourceTree = "<group>"; };
		112E94BD2C03D6C500570137 /* Assets.xcassets */ = {isa = PBXFileReference; lastKnownFileType = folder.assetcatalog; path = Assets.xcassets; sourceTree = "<group>"; };
		112E94C02C03D6C500570137 /* Preview Assets.xcassets */ = {isa = PBXFileReference; lastKnownFileType = folder.assetcatalog; path = "Preview Assets.xcassets"; sourceTree = "<group>"; };
		112E94C72C03D6D500570137 /* Book.swift */ = {isa = PBXFileReference; lastKnownFileType = sourcecode.swift; path = Book.swift; sourceTree = "<group>"; };
		11A6A9772C05CD8C0040F00B /* NewBookView.swift */ = {isa = PBXFileReference; lastKnownFileType = sourcecode.swift; path = NewBookView.swift; sourceTree = "<group>"; };
		11A6A9792C0601800040F00B /* EditBookView.swift */ = {isa = PBXFileReference; lastKnownFileType = sourcecode.swift; path = EditBookView.swift; sourceTree = "<group>"; };
		11A6A97B2C06189F0040F00B /* RatingsView.swift */ = {isa = PBXFileReference; lastKnownFileType = sourcecode.swift; path = RatingsView.swift; sourceTree = "<group>"; };
/* End PBXFileReference section */

/* Begin PBXFrameworksBuildPhase section */
		112E94B32C03D6C300570137 /* Frameworks */ = {
			isa = PBXFrameworksBuildPhase;
			buildActionMask = 2147483647;
			files = (
			);
			runOnlyForDeploymentPostprocessing = 0;
		};
/* End PBXFrameworksBuildPhase section */

/* Begin PBXGroup section */
		112E94AD2C03D6C300570137 = {
			isa = PBXGroup;
			children = (
				112E94B82C03D6C300570137 /* KitapDostum */,
				112E94B72C03D6C300570137 /* Products */,
			);
			sourceTree = "<group>";
		};
		112E94B72C03D6C300570137 /* Products */ = {
			isa = PBXGroup;
			children = (
				112E94B62C03D6C300570137 /* KitapDostum.app */,
			);
			name = Products;
			sourceTree = "<group>";
		};
		112E94B82C03D6C300570137 /* KitapDostum */ = {
			isa = PBXGroup;
			children = (
				112E94B92C03D6C300570137 /* KitapDostumApp.swift */,
				112E94BB2C03D6C300570137 /* BookListView.swift */,
				11A6A9792C0601800040F00B /* EditBookView.swift */,
				11A6A97B2C06189F0040F00B /* RatingsView.swift */,
				11A6A9772C05CD8C0040F00B /* NewBookView.swift */,
				112E94C72C03D6D500570137 /* Book.swift */,
				112E94BD2C03D6C500570137 /* Assets.xcassets */,
				112E94BF2C03D6C500570137 /* Preview Content */,
			);
			path = KitapDostum;
			sourceTree = "<group>";
		};
		112E94BF2C03D6C500570137 /* Preview Content */ = {
			isa = PBXGroup;
			children = (
				112E94C02C03D6C500570137 /* Preview Assets.xcassets */,
				11223C102C08EB2F007EE180 /* BookSamples.swift */,
				11223C122C08F04D007EE180 /* PreviewContainer.swift */,
			);
			path = "Preview Content";
			sourceTree = "<group>";
		};
/* End PBXGroup section */

/* Begin PBXNativeTarget section */
		112E94B52C03D6C300570137 /* KitapDostum */ = {
			isa = PBXNativeTarget;
			buildConfigurationList = 112E94C42C03D6C500570137 /* Build configuration list for PBXNativeTarget "KitapDostum" */;
			buildPhases = (
				112E94B22C03D6C300570137 /* Sources */,
				112E94B32C03D6C300570137 /* Frameworks */,
				112E94B42C03D6C300570137 /* Resources */,
			);
			buildRules = (
			);
			dependencies = (
			);
			name = KitapDostum;
			productName = KitapDostum;
			productReference = 112E94B62C03D6C300570137 /* KitapDostum.app */;
			productType = "com.apple.product-type.application";
		};
/* End PBXNativeTarget section */

/* Begin PBXProject section */
		112E94AE2C03D6C300570137 /* Project object */ = {
			isa = PBXProject;
			attributes = {
				BuildIndependentTargetsInParallel = 1;
				LastSwiftUpdateCheck = 1510;
				LastUpgradeCheck = 1510;
				TargetAttributes = {
					112E94B52C03D6C300570137 = {
						CreatedOnToolsVersion = 15.1;
					};
				};
			};
			buildConfigurationList = 112E94B12C03D6C300570137 /* Build configuration list for PBXProject "KitapDostum" */;
			compatibilityVersion = "Xcode 14.0";
			developmentRegion = en;
			hasScannedForEncodings = 0;
			knownRegions = (
				en,
				Base,
			);
			mainGroup = 112E94AD2C03D6C300570137;
			productRefGroup = 112E94B72C03D6C300570137 /* Products */;
			projectDirPath = "";
			projectRoot = "";
			targets = (
				112E94B52C03D6C300570137 /* KitapDostum */,
			);
		};
/* End PBXProject section */

/* Begin PBXResourcesBuildPhase section */
		112E94B42C03D6C300570137 /* Resources */ = {
			isa = PBXResourcesBuildPhase;
			buildActionMask = 2147483647;
			files = (
				112E94C12C03D6C500570137 /* Preview Assets.xcassets in Resources */,
				112E94BE2C03D6C500570137 /* Assets.xcassets in Resources */,
			);
			runOnlyForDeploymentPostprocessing = 0;
		};
/* End PBXResourcesBuildPhase section */

/* Begin PBXSourcesBuildPhase section */
		112E94B22C03D6C300570137 /* Sources */ = {
			isa = PBXSourcesBuildPhase;
			buildActionMask = 2147483647;
			files = (
				11223C112C08EB2F007EE180 /* BookSamples.swift in Sources */,
				11A6A9782C05CD8C0040F00B /* NewBookView.swift in Sources */,
				11A6A97C2C06189F0040F00B /* RatingsView.swift in Sources */,
				11A6A97A2C0601800040F00B /* EditBookView.swift in Sources */,
				112E94BC2C03D6C300570137 /* BookListView.swift in Sources */,
				112E94BA2C03D6C300570137 /* KitapDostumApp.swift in Sources */,
				11223C132C08F04D007EE180 /* PreviewContainer.swift in Sources */,
				112E94C82C03D6D500570137 /* Book.swift in Sources */,
			);
			runOnlyForDeploymentPostprocessing = 0;
		};
/* End PBXSourcesBuildPhase section */

/* Begin XCBuildConfiguration section */
		112E94C22C03D6C500570137 /* Debug */ = {
			isa = XCBuildConfiguration;
			buildSettings = {
				ALWAYS_SEARCH_USER_PATHS = NO;
				ASSETCATALOG_COMPILER_GENERATE_SWIFT_ASSET_SYMBOL_EXTENSIONS = YES;
				CLANG_ANALYZER_NONNULL = YES;
				CLANG_ANALYZER_NUMBER_OBJECT_CONVERSION = YES_AGGRESSIVE;
				CLANG_CXX_LANGUAGE_STANDARD = "gnu++20";
				CLANG_ENABLE_MODULES = YES;
				CLANG_ENABLE_OBJC_ARC = YES;
				CLANG_ENABLE_OBJC_WEAK = YES;
				CLANG_WARN_BLOCK_CAPTURE_AUTORELEASING = YES;
				CLANG_WARN_BOOL_CONVERSION = YES;
				CLANG_WARN_COMMA = YES;
				CLANG_WARN_CONSTANT_CONVERSION = YES;
				CLANG_WARN_DEPRECATED_OBJC_IMPLEMENTATIONS = YES;
				CLANG_WARN_DIRECT_OBJC_ISA_USAGE = YES_ERROR;
				CLANG_WARN_DOCUMENTATION_COMMENTS = YES;
				CLANG_WARN_EMPTY_BODY = YES;
				CLANG_WARN_ENUM_CONVERSION = YES;
				CLANG_WARN_INFINITE_RECURSION = YES;
				CLANG_WARN_INT_CONVERSION = YES;
				CLANG_WARN_NON_LITERAL_NULL_CONVERSION = YES;
				CLANG_WARN_OBJC_IMPLICIT_RETAIN_SELF = YES;
				CLANG_WARN_OBJC_LITERAL_CONVERSION = YES;
				CLANG_WARN_OBJC_ROOT_CLASS = YES_ERROR;
				CLANG_WARN_QUOTED_INCLUDE_IN_FRAMEWORK_HEADER = YES;
				CLANG_WARN_RANGE_LOOP_ANALYSIS = YES;
				CLANG_WARN_STRICT_PROTOTYPES = YES;
				CLANG_WARN_SUSPICIOUS_MOVE = YES;
				CLANG_WARN_UNGUARDED_AVAILABILITY = YES_AGGRESSIVE;
				CLANG_WARN_UNREACHABLE_CODE = YES;
				CLANG_WARN__DUPLICATE_METHOD_MATCH = YES;
				COPY_PHASE_STRIP = NO;
				DEBUG_INFORMATION_FORMAT = dwarf;
				ENABLE_STRICT_OBJC_MSGSEND = YES;
				ENABLE_TESTABILITY = YES;
				ENABLE_USER_SCRIPT_SANDBOXING = YES;
				GCC_C_LANGUAGE_STANDARD = gnu17;
				GCC_DYNAMIC_NO_PIC = NO;
				GCC_NO_COMMON_BLOCKS = YES;
				GCC_OPTIMIZATION_LEVEL = 0;
				GCC_PREPROCESSOR_DEFINITIONS = (
					"DEBUG=1",
					"$(inherited)",
				);
				GCC_WARN_64_TO_32_BIT_CONVERSION = YES;
				GCC_WARN_ABOUT_RETURN_TYPE = YES_ERROR;
				GCC_WARN_UNDECLARED_SELECTOR = YES;
				GCC_WARN_UNINITIALIZED_AUTOS = YES_AGGRESSIVE;
				GCC_WARN_UNUSED_FUNCTION = YES;
				GCC_WARN_UNUSED_VARIABLE = YES;
				IPHONEOS_DEPLOYMENT_TARGET = 17.2;
				LOCALIZATION_PREFERS_STRING_CATALOGS = YES;
				MTL_ENABLE_DEBUG_INFO = INCLUDE_SOURCE;
				MTL_FAST_MATH = YES;
				ONLY_ACTIVE_ARCH = YES;
				SDKROOT = iphoneos;
				SWIFT_ACTIVE_COMPILATION_CONDITIONS = "DEBUG $(inherited)";
				SWIFT_OPTIMIZATION_LEVEL = "-Onone";
			};
			name = Debug;
		};
		112E94C32C03D6C500570137 /* Release */ = {
			isa = XCBuildConfiguration;
			buildSettings = {
				ALWAYS_SEARCH_USER_PATHS = NO;
				ASSETCATALOG_COMPILER_GENERATE_SWIFT_ASSET_SYMBOL_EXTENSIONS = YES;
				CLANG_ANALYZER_NONNULL = YES;
				CLANG_ANALYZER_NUMBER_OBJECT_CONVERSION = YES_AGGRESSIVE;
				CLANG_CXX_LANGUAGE_STANDARD = "gnu++20";
				CLANG_ENABLE_MODULES = YES;
				CLANG_ENABLE_OBJC_ARC = YES;
				CLANG_ENABLE_OBJC_WEAK = YES;
				CLANG_WARN_BLOCK_CAPTURE_AUTORELEASING = YES;
				CLANG_WARN_BOOL_CONVERSION = YES;
				CLANG_WARN_COMMA = YES;
				CLANG_WARN_CONSTANT_CONVERSION = YES;
				CLANG_WARN_DEPRECATED_OBJC_IMPLEMENTATIONS = YES;
				CLANG_WARN_DIRECT_OBJC_ISA_USAGE = YES_ERROR;
				CLANG_WARN_DOCUMENTATION_COMMENTS = YES;
				CLANG_WARN_EMPTY_BODY = YES;
				CLANG_WARN_ENUM_CONVERSION = YES;
				CLANG_WARN_INFINITE_RECURSION = YES;
				CLANG_WARN_INT_CONVERSION = YES;
				CLANG_WARN_NON_LITERAL_NULL_CONVERSION = YES;
				CLANG_WARN_OBJC_IMPLICIT_RETAIN_SELF = YES;
				CLANG_WARN_OBJC_LITERAL_CONVERSION = YES;
				CLANG_WARN_OBJC_ROOT_CLASS = YES_ERROR;
				CLANG_WARN_QUOTED_INCLUDE_IN_FRAMEWORK_HEADER = YES;
				CLANG_WARN_RANGE_LOOP_ANALYSIS = YES;
				CLANG_WARN_STRICT_PROTOTYPES = YES;
				CLANG_WARN_SUSPICIOUS_MOVE = YES;
				CLANG_WARN_UNGUARDED_AVAILABILITY = YES_AGGRESSIVE;
				CLANG_WARN_UNREACHABLE_CODE = YES;
				CLANG_WARN__DUPLICATE_METHOD_MATCH = YES;
				COPY_PHASE_STRIP = NO;
				DEBUG_INFORMATION_FORMAT = "dwarf-with-dsym";
				ENABLE_NS_ASSERTIONS = NO;
				ENABLE_STRICT_OBJC_MSGSEND = YES;
				ENABLE_USER_SCRIPT_SANDBOXING = YES;
				GCC_C_LANGUAGE_STANDARD = gnu17;
				GCC_NO_COMMON_BLOCKS = YES;
				GCC_WARN_64_TO_32_BIT_CONVERSION = YES;
				GCC_WARN_ABOUT_RETURN_TYPE = YES_ERROR;
				GCC_WARN_UNDECLARED_SELECTOR = YES;
				GCC_WARN_UNINITIALIZED_AUTOS = YES_AGGRESSIVE;
				GCC_WARN_UNUSED_FUNCTION = YES;
				GCC_WARN_UNUSED_VARIABLE = YES;
				IPHONEOS_DEPLOYMENT_TARGET = 17.2;
				LOCALIZATION_PREFERS_STRING_CATALOGS = YES;
				MTL_ENABLE_DEBUG_INFO = NO;
				MTL_FAST_MATH = YES;
				SDKROOT = iphoneos;
				SWIFT_COMPILATION_MODE = wholemodule;
				VALIDATE_PRODUCT = YES;
			};
			name = Release;
		};
		112E94C52C03D6C500570137 /* Debug */ = {
			isa = XCBuildConfiguration;
			buildSettings = {
				ASSETCATALOG_COMPILER_APPICON_NAME = AppIcon;
				ASSETCATALOG_COMPILER_GLOBAL_ACCENT_COLOR_NAME = AccentColor;
				CODE_SIGN_STYLE = Automatic;
				CURRENT_PROJECT_VERSION = 1;
				DEVELOPMENT_ASSET_PATHS = "\"KitapDostum/Preview Content\"";
				ENABLE_PREVIEWS = YES;
				GENERATE_INFOPLIST_FILE = YES;
				INFOPLIST_KEY_UIApplicationSceneManifest_Generation = YES;
				INFOPLIST_KEY_UIApplicationSupportsIndirectInputEvents = YES;
				INFOPLIST_KEY_UILaunchScreen_Generation = YES;
				INFOPLIST_KEY_UISupportedInterfaceOrientations_iPad = "UIInterfaceOrientationPortrait UIInterfaceOrientationPortraitUpsideDown UIInterfaceOrientationLandscapeLeft UIInterfaceOrientationLandscapeRight";
				INFOPLIST_KEY_UISupportedInterfaceOrientations_iPhone = "UIInterfaceOrientationPortrait UIInterfaceOrientationLandscapeLeft UIInterfaceOrientationLandscapeRight";
				LD_RUNPATH_SEARCH_PATHS = (
					"$(inherited)",
					"@executable_path/Frameworks",
				);
				MARKETING_VERSION = 1.0;
				PRODUCT_BUNDLE_IDENTIFIER = me.kabali.ercan.KitapDostum;
				PRODUCT_NAME = "$(TARGET_NAME)";
				SWIFT_EMIT_LOC_STRINGS = YES;
				SWIFT_VERSION = 5.0;
				TARGETED_DEVICE_FAMILY = "1,2";
			};
			name = Debug;
		};
		112E94C62C03D6C500570137 /* Release */ = {
			isa = XCBuildConfiguration;
			buildSettings = {
				ASSETCATALOG_COMPILER_APPICON_NAME = AppIcon;
				ASSETCATALOG_COMPILER_GLOBAL_ACCENT_COLOR_NAME = AccentColor;
				CODE_SIGN_STYLE = Automatic;
				CURRENT_PROJECT_VERSION = 1;
				DEVELOPMENT_ASSET_PATHS = "\"KitapDostum/Preview Content\"";
				ENABLE_PREVIEWS = YES;
				GENERATE_INFOPLIST_FILE = YES;
				INFOPLIST_KEY_UIApplicationSceneManifest_Generation = YES;
				INFOPLIST_KEY_UIApplicationSupportsIndirectInputEvents = YES;
				INFOPLIST_KEY_UILaunchScreen_Generation = YES;
				INFOPLIST_KEY_UISupportedInterfaceOrientations_iPad = "UIInterfaceOrientationPortrait UIInterfaceOrientationPortraitUpsideDown UIInterfaceOrientationLandscapeLeft UIInterfaceOrientationLandscapeRight";
				INFOPLIST_KEY_UISupportedInterfaceOrientations_iPhone = "UIInterfaceOrientationPortrait UIInterfaceOrientationLandscapeLeft UIInterfaceOrientationLandscapeRight";
				LD_RUNPATH_SEARCH_PATHS = (
					"$(inherited)",
					"@executable_path/Frameworks",
				);
				MARKETING_VERSION = 1.0;
				PRODUCT_BUNDLE_IDENTIFIER = me.kabali.ercan.KitapDostum;
				PRODUCT_NAME = "$(TARGET_NAME)";
				SWIFT_EMIT_LOC_STRINGS = YES;
				SWIFT_VERSION = 5.0;
				TARGETED_DEVICE_FAMILY = "1,2";
			};
			name = Release;
		};
/* End XCBuildConfiguration section */

/* Begin XCConfigurationList section */
		112E94B12C03D6C300570137 /* Build configuration list for PBXProject "KitapDostum" */ = {
			isa = XCConfigurationList;
			buildConfigurations = (
				112E94C22C03D6C500570137 /* Debug */,
				112E94C32C03D6C500570137 /* Release */,
			);
			defaultConfigurationIsVisible = 0;
			defaultConfigurationName = Release;
		};
		112E94C42C03D6C500570137 /* Build configuration list for PBXNativeTarget "KitapDostum" */ = {
			isa = XCConfigurationList;
			buildConfigurations = (
				112E94C52C03D6C500570137 /* Debug */,
				112E94C62C03D6C500570137 /* Release */,
			);
			defaultConfigurationIsVisible = 0;
			defaultConfigurationName = Release;
		};
/* End XCConfigurationList section */
	};
	rootObject = 112E94AE2C03D6C300570137 /* Project object */;
}
