// !$*UTF8*$!
{
	archiveVersion = 1;
	classes = {
	};
	objectVersion = 56;
	objects = {

/* Begin PBXBuildFile section */
		114C2AC32B654887002DBB35 /* AppDelegate.swift in Sources */ = {isa = PBXBuildFile; fileRef = 114C2AC22B654887002DBB35 /* AppDelegate.swift */; };
		114C2AC52B654887002DBB35 /* SceneDelegate.swift in Sources */ = {isa = PBXBuildFile; fileRef = 114C2AC42B654887002DBB35 /* SceneDelegate.swift */; };
		114C2AC72B654887002DBB35 /* ViewController.swift in Sources */ = {isa = PBXBuildFile; fileRef = 114C2AC62B654887002DBB35 /* ViewController.swift */; };
		114C2ACA2B654887002DBB35 /* Main.storyboard in Resources */ = {isa = PBXBuildFile; fileRef = 114C2AC82B654887002DBB35 /* Main.storyboard */; };
		114C2ACC2B654888002DBB35 /* Assets.xcassets in Resources */ = {isa = PBXBuildFile; fileRef = 114C2ACB2B654888002DBB35 /* Assets.xcassets */; };
		114C2ACF2B654888002DBB35 /* LaunchScreen.storyboard in Resources */ = {isa = PBXBuildFile; fileRef = 114C2ACD2B654888002DBB35 /* LaunchScreen.storyboard */; };
		114C2ADA2B654889002DBB35 /* Timer_UygulamaTests.swift in Sources */ = {isa = PBXBuildFile; fileRef = 114C2AD92B654889002DBB35 /* Timer_UygulamaTests.swift */; };
		114C2AE42B654889002DBB35 /* Timer_UygulamaUITests.swift in Sources */ = {isa = PBXBuildFile; fileRef = 114C2AE32B654889002DBB35 /* Timer_UygulamaUITests.swift */; };
		114C2AE62B654889002DBB35 /* Timer_UygulamaUITestsLaunchTests.swift in Sources */ = {isa = PBXBuildFile; fileRef = 114C2AE52B654889002DBB35 /* Timer_UygulamaUITestsLaunchTests.swift */; };
/* End PBXBuildFile section */

/* Begin PBXContainerItemProxy section */
		114C2AD62B654888002DBB35 /* PBXContainerItemProxy */ = {
			isa = PBXContainerItemProxy;
			containerPortal = 114C2AB72B654887002DBB35 /* Project object */;
			proxyType = 1;
			remoteGlobalIDString = 114C2ABE2B654887002DBB35;
			remoteInfo = "Timer Uygulama";
		};
		114C2AE02B654889002DBB35 /* PBXContainerItemProxy */ = {
			isa = PBXContainerItemProxy;
			containerPortal = 114C2AB72B654887002DBB35 /* Project object */;
			proxyType = 1;
			remoteGlobalIDString = 114C2ABE2B654887002DBB35;
			remoteInfo = "Timer Uygulama";
		};
/* End PBXContainerItemProxy section */

/* Begin PBXFileReference section */
		114C2ABF2B654887002DBB35 /* Timer Uygulama.app */ = {isa = PBXFileReference; explicitFileType = wrapper.application; includeInIndex = 0; path = "Timer Uygulama.app"; sourceTree = BUILT_PRODUCTS_DIR; };
		114C2AC22B654887002DBB35 /* AppDelegate.swift */ = {isa = PBXFileReference; lastKnownFileType = sourcecode.swift; path = AppDelegate.swift; sourceTree = "<group>"; };
		114C2AC42B654887002DBB35 /* SceneDelegate.swift */ = {isa = PBXFileReference; lastKnownFileType = sourcecode.swift; path = SceneDelegate.swift; sourceTree = "<group>"; };
		114C2AC62B654887002DBB35 /* ViewController.swift */ = {isa = PBXFileReference; lastKnownFileType = sourcecode.swift; path = ViewController.swift; sourceTree = "<group>"; };
		114C2AC92B654887002DBB35 /* Base */ = {isa = PBXFileReference; lastKnownFileType = file.storyboard; name = Base; path = Base.lproj/Main.storyboard; sourceTree = "<group>"; };
		114C2ACB2B654888002DBB35 /* Assets.xcassets */ = {isa = PBXFileReference; lastKnownFileType = folder.assetcatalog; path = Assets.xcassets; sourceTree = "<group>"; };
		114C2ACE2B654888002DBB35 /* Base */ = {isa = PBXFileReference; lastKnownFileType = file.storyboard; name = Base; path = Base.lproj/LaunchScreen.storyboard; sourceTree = "<group>"; };
		114C2AD02B654888002DBB35 /* Info.plist */ = {isa = PBXFileReference; lastKnownFileType = text.plist.xml; path = Info.plist; sourceTree = "<group>"; };
		114C2AD52B654888002DBB35 /* Timer UygulamaTests.xctest */ = {isa = PBXFileReference; explicitFileType = wrapper.cfbundle; includeInIndex = 0; path = "Timer UygulamaTests.xctest"; sourceTree = BUILT_PRODUCTS_DIR; };
		114C2AD92B654889002DBB35 /* Timer_UygulamaTests.swift */ = {isa = PBXFileReference; lastKnownFileType = sourcecode.swift; path = Timer_UygulamaTests.swift; sourceTree = "<group>"; };
		114C2ADF2B654889002DBB35 /* Timer UygulamaUITests.xctest */ = {isa = PBXFileReference; explicitFileType = wrapper.cfbundle; includeInIndex = 0; path = "Timer UygulamaUITests.xctest"; sourceTree = BUILT_PRODUCTS_DIR; };
		114C2AE32B654889002DBB35 /* Timer_UygulamaUITests.swift */ = {isa = PBXFileReference; lastKnownFileType = sourcecode.swift; path = Timer_UygulamaUITests.swift; sourceTree = "<group>"; };
		114C2AE52B654889002DBB35 /* Timer_UygulamaUITestsLaunchTests.swift */ = {isa = PBXFileReference; lastKnownFileType = sourcecode.swift; path = Timer_UygulamaUITestsLaunchTests.swift; sourceTree = "<group>"; };
/* End PBXFileReference section */

/* Begin PBXFrameworksBuildPhase section */
		114C2ABC2B654887002DBB35 /* Frameworks */ = {
			isa = PBXFrameworksBuildPhase;
			buildActionMask = 2147483647;
			files = (
			);
			runOnlyForDeploymentPostprocessing = 0;
		};
		114C2AD22B654888002DBB35 /* Frameworks */ = {
			isa = PBXFrameworksBuildPhase;
			buildActionMask = 2147483647;
			files = (
			);
			runOnlyForDeploymentPostprocessing = 0;
		};
		114C2ADC2B654889002DBB35 /* Frameworks */ = {
			isa = PBXFrameworksBuildPhase;
			buildActionMask = 2147483647;
			files = (
			);
			runOnlyForDeploymentPostprocessing = 0;
		};
/* End PBXFrameworksBuildPhase section */

/* Begin PBXGroup section */
		114C2AB62B654887002DBB35 = {
			isa = PBXGroup;
			children = (
				114C2AC12B654887002DBB35 /* Timer Uygulama */,
				114C2AD82B654889002DBB35 /* Timer UygulamaTests */,
				114C2AE22B654889002DBB35 /* Timer UygulamaUITests */,
				114C2AC02B654887002DBB35 /* Products */,
			);
			sourceTree = "<group>";
		};
		114C2AC02B654887002DBB35 /* Products */ = {
			isa = PBXGroup;
			children = (
				114C2ABF2B654887002DBB35 /* Timer Uygulama.app */,
				114C2AD52B654888002DBB35 /* Timer UygulamaTests.xctest */,
				114C2ADF2B654889002DBB35 /* Timer UygulamaUITests.xctest */,
			);
			name = Products;
			sourceTree = "<group>";
		};
		114C2AC12B654887002DBB35 /* Timer Uygulama */ = {
			isa = PBXGroup;
			children = (
				114C2AC22B654887002DBB35 /* AppDelegate.swift */,
				114C2AC42B654887002DBB35 /* SceneDelegate.swift */,
				114C2AC62B654887002DBB35 /* ViewController.swift */,
				114C2AC82B654887002DBB35 /* Main.storyboard */,
				114C2ACB2B654888002DBB35 /* Assets.xcassets */,
				114C2ACD2B654888002DBB35 /* LaunchScreen.storyboard */,
				114C2AD02B654888002DBB35 /* Info.plist */,
			);
			path = "Timer Uygulama";
			sourceTree = "<group>";
		};
		114C2AD82B654889002DBB35 /* Timer UygulamaTests */ = {
			isa = PBXGroup;
			children = (
				114C2AD92B654889002DBB35 /* Timer_UygulamaTests.swift */,
			);
			path = "Timer UygulamaTests";
			sourceTree = "<group>";
		};
		114C2AE22B654889002DBB35 /* Timer UygulamaUITests */ = {
			isa = PBXGroup;
			children = (
				114C2AE32B654889002DBB35 /* Timer_UygulamaUITests.swift */,
				114C2AE52B654889002DBB35 /* Timer_UygulamaUITestsLaunchTests.swift */,
			);
			path = "Timer UygulamaUITests";
			sourceTree = "<group>";
		};
/* End PBXGroup section */

/* Begin PBXNativeTarget section */
		114C2ABE2B654887002DBB35 /* Timer Uygulama */ = {
			isa = PBXNativeTarget;
			buildConfigurationList = 114C2AE92B654889002DBB35 /* Build configuration list for PBXNativeTarget "Timer Uygulama" */;
			buildPhases = (
				114C2ABB2B654887002DBB35 /* Sources */,
				114C2ABC2B654887002DBB35 /* Frameworks */,
				114C2ABD2B654887002DBB35 /* Resources */,
			);
			buildRules = (
			);
			dependencies = (
			);
			name = "Timer Uygulama";
			productName = "Timer Uygulama";
			productReference = 114C2ABF2B654887002DBB35 /* Timer Uygulama.app */;
			productType = "com.apple.product-type.application";
		};
		114C2AD42B654888002DBB35 /* Timer UygulamaTests */ = {
			isa = PBXNativeTarget;
			buildConfigurationList = 114C2AEC2B654889002DBB35 /* Build configuration list for PBXNativeTarget "Timer UygulamaTests" */;
			buildPhases = (
				114C2AD12B654888002DBB35 /* Sources */,
				114C2AD22B654888002DBB35 /* Frameworks */,
				114C2AD32B654888002DBB35 /* Resources */,
			);
			buildRules = (
			);
			dependencies = (
				114C2AD72B654888002DBB35 /* PBXTargetDependency */,
			);
			name = "Timer UygulamaTests";
			productName = "Timer UygulamaTests";
			productReference = 114C2AD52B654888002DBB35 /* Timer UygulamaTests.xctest */;
			productType = "com.apple.product-type.bundle.unit-test";
		};
		114C2ADE2B654889002DBB35 /* Timer UygulamaUITests */ = {
			isa = PBXNativeTarget;
			buildConfigurationList = 114C2AEF2B654889002DBB35 /* Build configuration list for PBXNativeTarget "Timer UygulamaUITests" */;
			buildPhases = (
				114C2ADB2B654889002DBB35 /* Sources */,
				114C2ADC2B654889002DBB35 /* Frameworks */,
				114C2ADD2B654889002DBB35 /* Resources */,
			);
			buildRules = (
			);
			dependencies = (
				114C2AE12B654889002DBB35 /* PBXTargetDependency */,
			);
			name = "Timer UygulamaUITests";
			productName = "Timer UygulamaUITests";
			productReference = 114C2ADF2B654889002DBB35 /* Timer UygulamaUITests.xctest */;
			productType = "com.apple.product-type.bundle.ui-testing";
		};
/* End PBXNativeTarget section */

/* Begin PBXProject section */
		114C2AB72B654887002DBB35 /* Project object */ = {
			isa = PBXProject;
			attributes = {
				BuildIndependentTargetsInParallel = 1;
				LastSwiftUpdateCheck = 1510;
				LastUpgradeCheck = 1510;
				TargetAttributes = {
					114C2ABE2B654887002DBB35 = {
						CreatedOnToolsVersion = 15.1;
					};
					114C2AD42B654888002DBB35 = {
						CreatedOnToolsVersion = 15.1;
						TestTargetID = 114C2ABE2B654887002DBB35;
					};
					114C2ADE2B654889002DBB35 = {
						CreatedOnToolsVersion = 15.1;
						TestTargetID = 114C2ABE2B654887002DBB35;
					};
				};
			};
			buildConfigurationList = 114C2ABA2B654887002DBB35 /* Build configuration list for PBXProject "Timer Uygulama" */;
			compatibilityVersion = "Xcode 14.0";
			developmentRegion = en;
			hasScannedForEncodings = 0;
			knownRegions = (
				en,
				Base,
			);
			mainGroup = 114C2AB62B654887002DBB35;
			productRefGroup = 114C2AC02B654887002DBB35 /* Products */;
			projectDirPath = "";
			projectRoot = "";
			targets = (
				114C2ABE2B654887002DBB35 /* Timer Uygulama */,
				114C2AD42B654888002DBB35 /* Timer UygulamaTests */,
				114C2ADE2B654889002DBB35 /* Timer UygulamaUITests */,
			);
		};
/* End PBXProject section */

/* Begin PBXResourcesBuildPhase section */
		114C2ABD2B654887002DBB35 /* Resources */ = {
			isa = PBXResourcesBuildPhase;
			buildActionMask = 2147483647;
			files = (
				114C2ACF2B654888002DBB35 /* LaunchScreen.storyboard in Resources */,
				114C2ACC2B654888002DBB35 /* Assets.xcassets in Resources */,
				114C2ACA2B654887002DBB35 /* Main.storyboard in Resources */,
			);
			runOnlyForDeploymentPostprocessing = 0;
		};
		114C2AD32B654888002DBB35 /* Resources */ = {
			isa = PBXResourcesBuildPhase;
			buildActionMask = 2147483647;
			files = (
			);
			runOnlyForDeploymentPostprocessing = 0;
		};
		114C2ADD2B654889002DBB35 /* Resources */ = {
			isa = PBXResourcesBuildPhase;
			buildActionMask = 2147483647;
			files = (
			);
			runOnlyForDeploymentPostprocessing = 0;
		};
/* End PBXResourcesBuildPhase section */

/* Begin PBXSourcesBuildPhase section */
		114C2ABB2B654887002DBB35 /* Sources */ = {
			isa = PBXSourcesBuildPhase;
			buildActionMask = 2147483647;
			files = (
				114C2AC72B654887002DBB35 /* ViewController.swift in Sources */,
				114C2AC32B654887002DBB35 /* AppDelegate.swift in Sources */,
				114C2AC52B654887002DBB35 /* SceneDelegate.swift in Sources */,
			);
			runOnlyForDeploymentPostprocessing = 0;
		};
		114C2AD12B654888002DBB35 /* Sources */ = {
			isa = PBXSourcesBuildPhase;
			buildActionMask = 2147483647;
			files = (
				114C2ADA2B654889002DBB35 /* Timer_UygulamaTests.swift in Sources */,
			);
			runOnlyForDeploymentPostprocessing = 0;
		};
		114C2ADB2B654889002DBB35 /* Sources */ = {
			isa = PBXSourcesBuildPhase;
			buildActionMask = 2147483647;
			files = (
				114C2AE42B654889002DBB35 /* Timer_UygulamaUITests.swift in Sources */,
				114C2AE62B654889002DBB35 /* Timer_UygulamaUITestsLaunchTests.swift in Sources */,
			);
			runOnlyForDeploymentPostprocessing = 0;
		};
/* End PBXSourcesBuildPhase section */

/* Begin PBXTargetDependency section */
		114C2AD72B654888002DBB35 /* PBXTargetDependency */ = {
			isa = PBXTargetDependency;
			target = 114C2ABE2B654887002DBB35 /* Timer Uygulama */;
			targetProxy = 114C2AD62B654888002DBB35 /* PBXContainerItemProxy */;
		};
		114C2AE12B654889002DBB35 /* PBXTargetDependency */ = {
			isa = PBXTargetDependency;
			target = 114C2ABE2B654887002DBB35 /* Timer Uygulama */;
			targetProxy = 114C2AE02B654889002DBB35 /* PBXContainerItemProxy */;
		};
/* End PBXTargetDependency section */

/* Begin PBXVariantGroup section */
		114C2AC82B654887002DBB35 /* Main.storyboard */ = {
			isa = PBXVariantGroup;
			children = (
				114C2AC92B654887002DBB35 /* Base */,
			);
			name = Main.storyboard;
			sourceTree = "<group>";
		};
		114C2ACD2B654888002DBB35 /* LaunchScreen.storyboard */ = {
			isa = PBXVariantGroup;
			children = (
				114C2ACE2B654888002DBB35 /* Base */,
			);
			name = LaunchScreen.storyboard;
			sourceTree = "<group>";
		};
/* End PBXVariantGroup section */

/* Begin XCBuildConfiguration section */
		114C2AE72B654889002DBB35 /* Debug */ = {
			isa = XCBuildConfiguration;
			buildSettings = {
				ALWAYS_SEARCH_USER_PATHS = NO;
				ASSETCATALOG_COMPILER_GENERATE_SWIFT_ASSET_SYMBOL_EXTENSIONS = YES;
				CLANG_ANALYZER_NONNULL = YES;
				CLANG_ANALYZER_NUMBER_OBJECT_CONVERSION = YES_AGGRESSIVE;
				CLANG_CXX_LANGUAGE_STANDARD = "gnu++20";
				CLANG_ENABLE_MODULES = YES;
				CLANG_ENABLE_OBJC_ARC = YES;
				CLANG_ENABLE_OBJC_WEAK = YES;
				CLANG_WARN_BLOCK_CAPTURE_AUTORELEASING = YES;
				CLANG_WARN_BOOL_CONVERSION = YES;
				CLANG_WARN_COMMA = YES;
				CLANG_WARN_CONSTANT_CONVERSION = YES;
				CLANG_WARN_DEPRECATED_OBJC_IMPLEMENTATIONS = YES;
				CLANG_WARN_DIRECT_OBJC_ISA_USAGE = YES_ERROR;
				CLANG_WARN_DOCUMENTATION_COMMENTS = YES;
				CLANG_WARN_EMPTY_BODY = YES;
				CLANG_WARN_ENUM_CONVERSION = YES;
				CLANG_WARN_INFINITE_RECURSION = YES;
				CLANG_WARN_INT_CONVERSION = YES;
				CLANG_WARN_NON_LITERAL_NULL_CONVERSION = YES;
				CLANG_WARN_OBJC_IMPLICIT_RETAIN_SELF = YES;
				CLANG_WARN_OBJC_LITERAL_CONVERSION = YES;
				CLANG_WARN_OBJC_ROOT_CLASS = YES_ERROR;
				CLANG_WARN_QUOTED_INCLUDE_IN_FRAMEWORK_HEADER = YES;
				CLANG_WARN_RANGE_LOOP_ANALYSIS = YES;
				CLANG_WARN_STRICT_PROTOTYPES = YES;
				CLANG_WARN_SUSPICIOUS_MOVE = YES;
				CLANG_WARN_UNGUARDED_AVAILABILITY = YES_AGGRESSIVE;
				CLANG_WARN_UNREACHABLE_CODE = YES;
				CLANG_WARN__DUPLICATE_METHOD_MATCH = YES;
				COPY_PHASE_STRIP = NO;
				DEBUG_INFORMATION_FORMAT = dwarf;
				ENABLE_STRICT_OBJC_MSGSEND = YES;
				ENABLE_TESTABILITY = YES;
				ENABLE_USER_SCRIPT_SANDBOXING = YES;
				GCC_C_LANGUAGE_STANDARD = gnu17;
				GCC_DYNAMIC_NO_PIC = NO;
				GCC_NO_COMMON_BLOCKS = YES;
				GCC_OPTIMIZATION_LEVEL = 0;
				GCC_PREPROCESSOR_DEFINITIONS = (
					"DEBUG=1",
					"$(inherited)",
				);
				GCC_WARN_64_TO_32_BIT_CONVERSION = YES;
				GCC_WARN_ABOUT_RETURN_TYPE = YES_ERROR;
				GCC_WARN_UNDECLARED_SELECTOR = YES;
				GCC_WARN_UNINITIALIZED_AUTOS = YES_AGGRESSIVE;
				GCC_WARN_UNUSED_FUNCTION = YES;
				GCC_WARN_UNUSED_VARIABLE = YES;
				IPHONEOS_DEPLOYMENT_TARGET = 17.2;
				LOCALIZATION_PREFERS_STRING_CATALOGS = YES;
				MTL_ENABLE_DEBUG_INFO = INCLUDE_SOURCE;
				MTL_FAST_MATH = YES;
				ONLY_ACTIVE_ARCH = YES;
				SDKROOT = iphoneos;
				SWIFT_ACTIVE_COMPILATION_CONDITIONS = "DEBUG $(inherited)";
				SWIFT_OPTIMIZATION_LEVEL = "-Onone";
			};
			name = Debug;
		};
		114C2AE82B654889002DBB35 /* Release */ = {
			isa = XCBuildConfiguration;
			buildSettings = {
				ALWAYS_SEARCH_USER_PATHS = NO;
				ASSETCATALOG_COMPILER_GENERATE_SWIFT_ASSET_SYMBOL_EXTENSIONS = YES;
				CLANG_ANALYZER_NONNULL = YES;
				CLANG_ANALYZER_NUMBER_OBJECT_CONVERSION = YES_AGGRESSIVE;
				CLANG_CXX_LANGUAGE_STANDARD = "gnu++20";
				CLANG_ENABLE_MODULES = YES;
				CLANG_ENABLE_OBJC_ARC = YES;
				CLANG_ENABLE_OBJC_WEAK = YES;
				CLANG_WARN_BLOCK_CAPTURE_AUTORELEASING = YES;
				CLANG_WARN_BOOL_CONVERSION = YES;
				CLANG_WARN_COMMA = YES;
				CLANG_WARN_CONSTANT_CONVERSION = YES;
				CLANG_WARN_DEPRECATED_OBJC_IMPLEMENTATIONS = YES;
				CLANG_WARN_DIRECT_OBJC_ISA_USAGE = YES_ERROR;
				CLANG_WARN_DOCUMENTATION_COMMENTS = YES;
				CLANG_WARN_EMPTY_BODY = YES;
				CLANG_WARN_ENUM_CONVERSION = YES;
				CLANG_WARN_INFINITE_RECURSION = YES;
				CLANG_WARN_INT_CONVERSION = YES;
				CLANG_WARN_NON_LITERAL_NULL_CONVERSION = YES;
				CLANG_WARN_OBJC_IMPLICIT_RETAIN_SELF = YES;
				CLANG_WARN_OBJC_LITERAL_CONVERSION = YES;
				CLANG_WARN_OBJC_ROOT_CLASS = YES_ERROR;
				CLANG_WARN_QUOTED_INCLUDE_IN_FRAMEWORK_HEADER = YES;
				CLANG_WARN_RANGE_LOOP_ANALYSIS = YES;
				CLANG_WARN_STRICT_PROTOTYPES = YES;
				CLANG_WARN_SUSPICIOUS_MOVE = YES;
				CLANG_WARN_UNGUARDED_AVAILABILITY = YES_AGGRESSIVE;
				CLANG_WARN_UNREACHABLE_CODE = YES;
				CLANG_WARN__DUPLICATE_METHOD_MATCH = YES;
				COPY_PHASE_STRIP = NO;
				DEBUG_INFORMATION_FORMAT = "dwarf-with-dsym";
				ENABLE_NS_ASSERTIONS = NO;
				ENABLE_STRICT_OBJC_MSGSEND = YES;
				ENABLE_USER_SCRIPT_SANDBOXING = YES;
				GCC_C_LANGUAGE_STANDARD = gnu17;
				GCC_NO_COMMON_BLOCKS = YES;
				GCC_WARN_64_TO_32_BIT_CONVERSION = YES;
				GCC_WARN_ABOUT_RETURN_TYPE = YES_ERROR;
				GCC_WARN_UNDECLARED_SELECTOR = YES;
				GCC_WARN_UNINITIALIZED_AUTOS = YES_AGGRESSIVE;
				GCC_WARN_UNUSED_FUNCTION = YES;
				GCC_WARN_UNUSED_VARIABLE = YES;
				IPHONEOS_DEPLOYMENT_TARGET = 17.2;
				LOCALIZATION_PREFERS_STRING_CATALOGS = YES;
				MTL_ENABLE_DEBUG_INFO = NO;
				MTL_FAST_MATH = YES;
				SDKROOT = iphoneos;
				SWIFT_COMPILATION_MODE = wholemodule;
				VALIDATE_PRODUCT = YES;
			};
			name = Release;
		};
		114C2AEA2B654889002DBB35 /* Debug */ = {
			isa = XCBuildConfiguration;
			buildSettings = {
				ASSETCATALOG_COMPILER_APPICON_NAME = AppIcon;
				ASSETCATALOG_COMPILER_GLOBAL_ACCENT_COLOR_NAME = AccentColor;
				CODE_SIGN_STYLE = Automatic;
				CURRENT_PROJECT_VERSION = 1;
				GENERATE_INFOPLIST_FILE = YES;
				INFOPLIST_FILE = "Timer Uygulama/Info.plist";
				INFOPLIST_KEY_UIApplicationSupportsIndirectInputEvents = YES;
				INFOPLIST_KEY_UILaunchStoryboardName = LaunchScreen;
				INFOPLIST_KEY_UIMainStoryboardFile = Main;
				INFOPLIST_KEY_UISupportedInterfaceOrientations_iPad = "UIInterfaceOrientationPortrait UIInterfaceOrientationPortraitUpsideDown UIInterfaceOrientationLandscapeLeft UIInterfaceOrientationLandscapeRight";
				INFOPLIST_KEY_UISupportedInterfaceOrientations_iPhone = "UIInterfaceOrientationPortrait UIInterfaceOrientationLandscapeLeft UIInterfaceOrientationLandscapeRight";
				LD_RUNPATH_SEARCH_PATHS = (
					"$(inherited)",
					"@executable_path/Frameworks",
				);
				MARKETING_VERSION = 1.0;
				PRODUCT_BUNDLE_IDENTIFIER = "kabaliercanios.Timer-Uygulama";
				PRODUCT_NAME = "$(TARGET_NAME)";
				SWIFT_EMIT_LOC_STRINGS = YES;
				SWIFT_VERSION = 5.0;
				TARGETED_DEVICE_FAMILY = "1,2";
			};
			name = Debug;
		};
		114C2AEB2B654889002DBB35 /* Release */ = {
			isa = XCBuildConfiguration;
			buildSettings = {
				ASSETCATALOG_COMPILER_APPICON_NAME = AppIcon;
				ASSETCATALOG_COMPILER_GLOBAL_ACCENT_COLOR_NAME = AccentColor;
				CODE_SIGN_STYLE = Automatic;
				CURRENT_PROJECT_VERSION = 1;
				GENERATE_INFOPLIST_FILE = YES;
				INFOPLIST_FILE = "Timer Uygulama/Info.plist";
				INFOPLIST_KEY_UIApplicationSupportsIndirectInputEvents = YES;
				INFOPLIST_KEY_UILaunchStoryboardName = LaunchScreen;
				INFOPLIST_KEY_UIMainStoryboardFile = Main;
				INFOPLIST_KEY_UISupportedInterfaceOrientations_iPad = "UIInterfaceOrientationPortrait UIInterfaceOrientationPortraitUpsideDown UIInterfaceOrientationLandscapeLeft UIInterfaceOrientationLandscapeRight";
				INFOPLIST_KEY_UISupportedInterfaceOrientations_iPhone = "UIInterfaceOrientationPortrait UIInterfaceOrientationLandscapeLeft UIInterfaceOrientationLandscapeRight";
				LD_RUNPATH_SEARCH_PATHS = (
					"$(inherited)",
					"@executable_path/Frameworks",
				);
				MARKETING_VERSION = 1.0;
				PRODUCT_BUNDLE_IDENTIFIER = "kabaliercanios.Timer-Uygulama";
				PRODUCT_NAME = "$(TARGET_NAME)";
				SWIFT_EMIT_LOC_STRINGS = YES;
				SWIFT_VERSION = 5.0;
				TARGETED_DEVICE_FAMILY = "1,2";
			};
			name = Release;
		};
		114C2AED2B654889002DBB35 /* Debug */ = {
			isa = XCBuildConfiguration;
			buildSettings = {
				ALWAYS_EMBED_SWIFT_STANDARD_LIBRARIES = YES;
				BUNDLE_LOADER = "$(TEST_HOST)";
				CODE_SIGN_STYLE = Automatic;
				CURRENT_PROJECT_VERSION = 1;
				GENERATE_INFOPLIST_FILE = YES;
				IPHONEOS_DEPLOYMENT_TARGET = 17.2;
				MARKETING_VERSION = 1.0;
				PRODUCT_BUNDLE_IDENTIFIER = "kabaliercanios.Timer-UygulamaTests";
				PRODUCT_NAME = "$(TARGET_NAME)";
				SWIFT_EMIT_LOC_STRINGS = NO;
				SWIFT_VERSION = 5.0;
				TARGETED_DEVICE_FAMILY = "1,2";
				TEST_HOST = "$(BUILT_PRODUCTS_DIR)/Timer Uygulama.app/$(BUNDLE_EXECUTABLE_FOLDER_PATH)/Timer Uygulama";
			};
			name = Debug;
		};
		114C2AEE2B654889002DBB35 /* Release */ = {
			isa = XCBuildConfiguration;
			buildSettings = {
				ALWAYS_EMBED_SWIFT_STANDARD_LIBRARIES = YES;
				BUNDLE_LOADER = "$(TEST_HOST)";
				CODE_SIGN_STYLE = Automatic;
				CURRENT_PROJECT_VERSION = 1;
				GENERATE_INFOPLIST_FILE = YES;
				IPHONEOS_DEPLOYMENT_TARGET = 17.2;
				MARKETING_VERSION = 1.0;
				PRODUCT_BUNDLE_IDENTIFIER = "kabaliercanios.Timer-UygulamaTests";
				PRODUCT_NAME = "$(TARGET_NAME)";
				SWIFT_EMIT_LOC_STRINGS = NO;
				SWIFT_VERSION = 5.0;
				TARGETED_DEVICE_FAMILY = "1,2";
				TEST_HOST = "$(BUILT_PRODUCTS_DIR)/Timer Uygulama.app/$(BUNDLE_EXECUTABLE_FOLDER_PATH)/Timer Uygulama";
			};
			name = Release;
		};
		114C2AF02B654889002DBB35 /* Debug */ = {
			isa = XCBuildConfiguration;
			buildSettings = {
				ALWAYS_EMBED_SWIFT_STANDARD_LIBRARIES = YES;
				CODE_SIGN_STYLE = Automatic;
				CURRENT_PROJECT_VERSION = 1;
				GENERATE_INFOPLIST_FILE = YES;
				MARKETING_VERSION = 1.0;
				PRODUCT_BUNDLE_IDENTIFIER = "kabaliercanios.Timer-UygulamaUITests";
				PRODUCT_NAME = "$(TARGET_NAME)";
				SWIFT_EMIT_LOC_STRINGS = NO;
				SWIFT_VERSION = 5.0;
				TARGETED_DEVICE_FAMILY = "1,2";
				TEST_TARGET_NAME = "Timer Uygulama";
			};
			name = Debug;
		};
		114C2AF12B654889002DBB35 /* Release */ = {
			isa = XCBuildConfiguration;
			buildSettings = {
				ALWAYS_EMBED_SWIFT_STANDARD_LIBRARIES = YES;
				CODE_SIGN_STYLE = Automatic;
				CURRENT_PROJECT_VERSION = 1;
				GENERATE_INFOPLIST_FILE = YES;
				MARKETING_VERSION = 1.0;
				PRODUCT_BUNDLE_IDENTIFIER = "kabaliercanios.Timer-UygulamaUITests";
				PRODUCT_NAME = "$(TARGET_NAME)";
				SWIFT_EMIT_LOC_STRINGS = NO;
				SWIFT_VERSION = 5.0;
				TARGETED_DEVICE_FAMILY = "1,2";
				TEST_TARGET_NAME = "Timer Uygulama";
			};
			name = Release;
		};
/* End XCBuildConfiguration section */

/* Begin XCConfigurationList section */
		114C2ABA2B654887002DBB35 /* Build configuration list for PBXProject "Timer Uygulama" */ = {
			isa = XCConfigurationList;
			buildConfigurations = (
				114C2AE72B654889002DBB35 /* Debug */,
				114C2AE82B654889002DBB35 /* Release */,
			);
			defaultConfigurationIsVisible = 0;
			defaultConfigurationName = Release;
		};
		114C2AE92B654889002DBB35 /* Build configuration list for PBXNativeTarget "Timer Uygulama" */ = {
			isa = XCConfigurationList;
			buildConfigurations = (
				114C2AEA2B654889002DBB35 /* Debug */,
				114C2AEB2B654889002DBB35 /* Release */,
			);
			defaultConfigurationIsVisible = 0;
			defaultConfigurationName = Release;
		};
		114C2AEC2B654889002DBB35 /* Build configuration list for PBXNativeTarget "Timer UygulamaTests" */ = {
			isa = XCConfigurationList;
			buildConfigurations = (
				114C2AED2B654889002DBB35 /* Debug */,
				114C2AEE2B654889002DBB35 /* Release */,
			);
			defaultConfigurationIsVisible = 0;
			defaultConfigurationName = Release;
		};
		114C2AEF2B654889002DBB35 /* Build configuration list for PBXNativeTarget "Timer UygulamaUITests" */ = {
			isa = XCConfigurationList;
			buildConfigurations = (
				114C2AF02B654889002DBB35 /* Debug */,
				114C2AF12B654889002DBB35 /* Release */,
			);
			defaultConfigurationIsVisible = 0;
			defaultConfigurationName = Release;
		};
/* End XCConfigurationList section */
	};
	rootObject = 114C2AB72B654887002DBB35 /* Project object */;
}
