// !$*UTF8*$!
{
	archiveVersion = 1;
	classes = {
	};
	objectVersion = 56;
	objects = {

/* Begin PBXBuildFile section */
		1119066A2B6841E700C875D2 /* AppDelegate.swift in Sources */ = {isa = PBXBuildFile; fileRef = 111906692B6841E700C875D2 /* AppDelegate.swift */; };
		1119066C2B6841E700C875D2 /* SceneDelegate.swift in Sources */ = {isa = PBXBuildFile; fileRef = 1119066B2B6841E700C875D2 /* SceneDelegate.swift */; };
		1119066E2B6841E700C875D2 /* ViewController.swift in Sources */ = {isa = PBXBuildFile; fileRef = 1119066D2B6841E700C875D2 /* ViewController.swift */; };
		111906712B6841E700C875D2 /* Main.storyboard in Resources */ = {isa = PBXBuildFile; fileRef = 1119066F2B6841E700C875D2 /* Main.storyboard */; };
		111906732B6841E800C875D2 /* Assets.xcassets in Resources */ = {isa = PBXBuildFile; fileRef = 111906722B6841E800C875D2 /* Assets.xcassets */; };
		111906762B6841E800C875D2 /* LaunchScreen.storyboard in Resources */ = {isa = PBXBuildFile; fileRef = 111906742B6841E800C875D2 /* LaunchScreen.storyboard */; };
		111906812B6841E900C875D2 /* AnimasyonluFabTests.swift in Sources */ = {isa = PBXBuildFile; fileRef = 111906802B6841E900C875D2 /* AnimasyonluFabTests.swift */; };
		1119068B2B6841E900C875D2 /* AnimasyonluFabUITests.swift in Sources */ = {isa = PBXBuildFile; fileRef = 1119068A2B6841E900C875D2 /* AnimasyonluFabUITests.swift */; };
		1119068D2B6841E900C875D2 /* AnimasyonluFabUITestsLaunchTests.swift in Sources */ = {isa = PBXBuildFile; fileRef = 1119068C2B6841E900C875D2 /* AnimasyonluFabUITestsLaunchTests.swift */; };
/* End PBXBuildFile section */

/* Begin PBXContainerItemProxy section */
		1119067D2B6841E900C875D2 /* PBXContainerItemProxy */ = {
			isa = PBXContainerItemProxy;
			containerPortal = 1119065E2B6841E700C875D2 /* Project object */;
			proxyType = 1;
			remoteGlobalIDString = 111906652B6841E700C875D2;
			remoteInfo = AnimasyonluFab;
		};
		111906872B6841E900C875D2 /* PBXContainerItemProxy */ = {
			isa = PBXContainerItemProxy;
			containerPortal = 1119065E2B6841E700C875D2 /* Project object */;
			proxyType = 1;
			remoteGlobalIDString = 111906652B6841E700C875D2;
			remoteInfo = AnimasyonluFab;
		};
/* End PBXContainerItemProxy section */

/* Begin PBXFileReference section */
		111906662B6841E700C875D2 /* AnimasyonluFab.app */ = {isa = PBXFileReference; explicitFileType = wrapper.application; includeInIndex = 0; path = AnimasyonluFab.app; sourceTree = BUILT_PRODUCTS_DIR; };
		111906692B6841E700C875D2 /* AppDelegate.swift */ = {isa = PBXFileReference; lastKnownFileType = sourcecode.swift; path = AppDelegate.swift; sourceTree = "<group>"; };
		1119066B2B6841E700C875D2 /* SceneDelegate.swift */ = {isa = PBXFileReference; lastKnownFileType = sourcecode.swift; path = SceneDelegate.swift; sourceTree = "<group>"; };
		1119066D2B6841E700C875D2 /* ViewController.swift */ = {isa = PBXFileReference; lastKnownFileType = sourcecode.swift; path = ViewController.swift; sourceTree = "<group>"; };
		111906702B6841E700C875D2 /* Base */ = {isa = PBXFileReference; lastKnownFileType = file.storyboard; name = Base; path = Base.lproj/Main.storyboard; sourceTree = "<group>"; };
		111906722B6841E800C875D2 /* Assets.xcassets */ = {isa = PBXFileReference; lastKnownFileType = folder.assetcatalog; path = Assets.xcassets; sourceTree = "<group>"; };
		111906752B6841E800C875D2 /* Base */ = {isa = PBXFileReference; lastKnownFileType = file.storyboard; name = Base; path = Base.lproj/LaunchScreen.storyboard; sourceTree = "<group>"; };
		111906772B6841E800C875D2 /* Info.plist */ = {isa = PBXFileReference; lastKnownFileType = text.plist.xml; path = Info.plist; sourceTree = "<group>"; };
		1119067C2B6841E900C875D2 /* AnimasyonluFabTests.xctest */ = {isa = PBXFileReference; explicitFileType = wrapper.cfbundle; includeInIndex = 0; path = AnimasyonluFabTests.xctest; sourceTree = BUILT_PRODUCTS_DIR; };
		111906802B6841E900C875D2 /* AnimasyonluFabTests.swift */ = {isa = PBXFileReference; lastKnownFileType = sourcecode.swift; path = AnimasyonluFabTests.swift; sourceTree = "<group>"; };
		111906862B6841E900C875D2 /* AnimasyonluFabUITests.xctest */ = {isa = PBXFileReference; explicitFileType = wrapper.cfbundle; includeInIndex = 0; path = AnimasyonluFabUITests.xctest; sourceTree = BUILT_PRODUCTS_DIR; };
		1119068A2B6841E900C875D2 /* AnimasyonluFabUITests.swift */ = {isa = PBXFileReference; lastKnownFileType = sourcecode.swift; path = AnimasyonluFabUITests.swift; sourceTree = "<group>"; };
		1119068C2B6841E900C875D2 /* AnimasyonluFabUITestsLaunchTests.swift */ = {isa = PBXFileReference; lastKnownFileType = sourcecode.swift; path = AnimasyonluFabUITestsLaunchTests.swift; sourceTree = "<group>"; };
/* End PBXFileReference section */

/* Begin PBXFrameworksBuildPhase section */
		111906632B6841E700C875D2 /* Frameworks */ = {
			isa = PBXFrameworksBuildPhase;
			buildActionMask = 2147483647;
			files = (
			);
			runOnlyForDeploymentPostprocessing = 0;
		};
		111906792B6841E900C875D2 /* Frameworks */ = {
			isa = PBXFrameworksBuildPhase;
			buildActionMask = 2147483647;
			files = (
			);
			runOnlyForDeploymentPostprocessing = 0;
		};
		111906832B6841E900C875D2 /* Frameworks */ = {
			isa = PBXFrameworksBuildPhase;
			buildActionMask = 2147483647;
			files = (
			);
			runOnlyForDeploymentPostprocessing = 0;
		};
/* End PBXFrameworksBuildPhase section */

/* Begin PBXGroup section */
		1119065D2B6841E700C875D2 = {
			isa = PBXGroup;
			children = (
				111906682B6841E700C875D2 /* AnimasyonluFab */,
				1119067F2B6841E900C875D2 /* AnimasyonluFabTests */,
				111906892B6841E900C875D2 /* AnimasyonluFabUITests */,
				111906672B6841E700C875D2 /* Products */,
			);
			sourceTree = "<group>";
		};
		111906672B6841E700C875D2 /* Products */ = {
			isa = PBXGroup;
			children = (
				111906662B6841E700C875D2 /* AnimasyonluFab.app */,
				1119067C2B6841E900C875D2 /* AnimasyonluFabTests.xctest */,
				111906862B6841E900C875D2 /* AnimasyonluFabUITests.xctest */,
			);
			name = Products;
			sourceTree = "<group>";
		};
		111906682B6841E700C875D2 /* AnimasyonluFab */ = {
			isa = PBXGroup;
			children = (
				111906692B6841E700C875D2 /* AppDelegate.swift */,
				1119066B2B6841E700C875D2 /* SceneDelegate.swift */,
				1119066D2B6841E700C875D2 /* ViewController.swift */,
				1119066F2B6841E700C875D2 /* Main.storyboard */,
				111906722B6841E800C875D2 /* Assets.xcassets */,
				111906742B6841E800C875D2 /* LaunchScreen.storyboard */,
				111906772B6841E800C875D2 /* Info.plist */,
			);
			path = AnimasyonluFab;
			sourceTree = "<group>";
		};
		1119067F2B6841E900C875D2 /* AnimasyonluFabTests */ = {
			isa = PBXGroup;
			children = (
				111906802B6841E900C875D2 /* AnimasyonluFabTests.swift */,
			);
			path = AnimasyonluFabTests;
			sourceTree = "<group>";
		};
		111906892B6841E900C875D2 /* AnimasyonluFabUITests */ = {
			isa = PBXGroup;
			children = (
				1119068A2B6841E900C875D2 /* AnimasyonluFabUITests.swift */,
				1119068C2B6841E900C875D2 /* AnimasyonluFabUITestsLaunchTests.swift */,
			);
			path = AnimasyonluFabUITests;
			sourceTree = "<group>";
		};
/* End PBXGroup section */

/* Begin PBXNativeTarget section */
		111906652B6841E700C875D2 /* AnimasyonluFab */ = {
			isa = PBXNativeTarget;
			buildConfigurationList = 111906902B6841E900C875D2 /* Build configuration list for PBXNativeTarget "AnimasyonluFab" */;
			buildPhases = (
				111906622B6841E700C875D2 /* Sources */,
				111906632B6841E700C875D2 /* Frameworks */,
				111906642B6841E700C875D2 /* Resources */,
			);
			buildRules = (
			);
			dependencies = (
			);
			name = AnimasyonluFab;
			productName = AnimasyonluFab;
			productReference = 111906662B6841E700C875D2 /* AnimasyonluFab.app */;
			productType = "com.apple.product-type.application";
		};
		1119067B2B6841E900C875D2 /* AnimasyonluFabTests */ = {
			isa = PBXNativeTarget;
			buildConfigurationList = 111906932B6841E900C875D2 /* Build configuration list for PBXNativeTarget "AnimasyonluFabTests" */;
			buildPhases = (
				111906782B6841E900C875D2 /* Sources */,
				111906792B6841E900C875D2 /* Frameworks */,
				1119067A2B6841E900C875D2 /* Resources */,
			);
			buildRules = (
			);
			dependencies = (
				1119067E2B6841E900C875D2 /* PBXTargetDependency */,
			);
			name = AnimasyonluFabTests;
			productName = AnimasyonluFabTests;
			productReference = 1119067C2B6841E900C875D2 /* AnimasyonluFabTests.xctest */;
			productType = "com.apple.product-type.bundle.unit-test";
		};
		111906852B6841E900C875D2 /* AnimasyonluFabUITests */ = {
			isa = PBXNativeTarget;
			buildConfigurationList = 111906962B6841E900C875D2 /* Build configuration list for PBXNativeTarget "AnimasyonluFabUITests" */;
			buildPhases = (
				111906822B6841E900C875D2 /* Sources */,
				111906832B6841E900C875D2 /* Frameworks */,
				111906842B6841E900C875D2 /* Resources */,
			);
			buildRules = (
			);
			dependencies = (
				111906882B6841E900C875D2 /* PBXTargetDependency */,
			);
			name = AnimasyonluFabUITests;
			productName = AnimasyonluFabUITests;
			productReference = 111906862B6841E900C875D2 /* AnimasyonluFabUITests.xctest */;
			productType = "com.apple.product-type.bundle.ui-testing";
		};
/* End PBXNativeTarget section */

/* Begin PBXProject section */
		1119065E2B6841E700C875D2 /* Project object */ = {
			isa = PBXProject;
			attributes = {
				BuildIndependentTargetsInParallel = 1;
				LastSwiftUpdateCheck = 1510;
				LastUpgradeCheck = 1510;
				TargetAttributes = {
					111906652B6841E700C875D2 = {
						CreatedOnToolsVersion = 15.1;
					};
					1119067B2B6841E900C875D2 = {
						CreatedOnToolsVersion = 15.1;
						TestTargetID = 111906652B6841E700C875D2;
					};
					111906852B6841E900C875D2 = {
						CreatedOnToolsVersion = 15.1;
						TestTargetID = 111906652B6841E700C875D2;
					};
				};
			};
			buildConfigurationList = 111906612B6841E700C875D2 /* Build configuration list for PBXProject "AnimasyonluFab" */;
			compatibilityVersion = "Xcode 14.0";
			developmentRegion = en;
			hasScannedForEncodings = 0;
			knownRegions = (
				en,
				Base,
			);
			mainGroup = 1119065D2B6841E700C875D2;
			productRefGroup = 111906672B6841E700C875D2 /* Products */;
			projectDirPath = "";
			projectRoot = "";
			targets = (
				111906652B6841E700C875D2 /* AnimasyonluFab */,
				1119067B2B6841E900C875D2 /* AnimasyonluFabTests */,
				111906852B6841E900C875D2 /* AnimasyonluFabUITests */,
			);
		};
/* End PBXProject section */

/* Begin PBXResourcesBuildPhase section */
		111906642B6841E700C875D2 /* Resources */ = {
			isa = PBXResourcesBuildPhase;
			buildActionMask = 2147483647;
			files = (
				111906762B6841E800C875D2 /* LaunchScreen.storyboard in Resources */,
				111906732B6841E800C875D2 /* Assets.xcassets in Resources */,
				111906712B6841E700C875D2 /* Main.storyboard in Resources */,
			);
			runOnlyForDeploymentPostprocessing = 0;
		};
		1119067A2B6841E900C875D2 /* Resources */ = {
			isa = PBXResourcesBuildPhase;
			buildActionMask = 2147483647;
			files = (
			);
			runOnlyForDeploymentPostprocessing = 0;
		};
		111906842B6841E900C875D2 /* Resources */ = {
			isa = PBXResourcesBuildPhase;
			buildActionMask = 2147483647;
			files = (
			);
			runOnlyForDeploymentPostprocessing = 0;
		};
/* End PBXResourcesBuildPhase section */

/* Begin PBXSourcesBuildPhase section */
		111906622B6841E700C875D2 /* Sources */ = {
			isa = PBXSourcesBuildPhase;
			buildActionMask = 2147483647;
			files = (
				1119066E2B6841E700C875D2 /* ViewController.swift in Sources */,
				1119066A2B6841E700C875D2 /* AppDelegate.swift in Sources */,
				1119066C2B6841E700C875D2 /* SceneDelegate.swift in Sources */,
			);
			runOnlyForDeploymentPostprocessing = 0;
		};
		111906782B6841E900C875D2 /* Sources */ = {
			isa = PBXSourcesBuildPhase;
			buildActionMask = 2147483647;
			files = (
				111906812B6841E900C875D2 /* AnimasyonluFabTests.swift in Sources */,
			);
			runOnlyForDeploymentPostprocessing = 0;
		};
		111906822B6841E900C875D2 /* Sources */ = {
			isa = PBXSourcesBuildPhase;
			buildActionMask = 2147483647;
			files = (
				1119068B2B6841E900C875D2 /* AnimasyonluFabUITests.swift in Sources */,
				1119068D2B6841E900C875D2 /* AnimasyonluFabUITestsLaunchTests.swift in Sources */,
			);
			runOnlyForDeploymentPostprocessing = 0;
		};
/* End PBXSourcesBuildPhase section */

/* Begin PBXTargetDependency section */
		1119067E2B6841E900C875D2 /* PBXTargetDependency */ = {
			isa = PBXTargetDependency;
			target = 111906652B6841E700C875D2 /* AnimasyonluFab */;
			targetProxy = 1119067D2B6841E900C875D2 /* PBXContainerItemProxy */;
		};
		111906882B6841E900C875D2 /* PBXTargetDependency */ = {
			isa = PBXTargetDependency;
			target = 111906652B6841E700C875D2 /* AnimasyonluFab */;
			targetProxy = 111906872B6841E900C875D2 /* PBXContainerItemProxy */;
		};
/* End PBXTargetDependency section */

/* Begin PBXVariantGroup section */
		1119066F2B6841E700C875D2 /* Main.storyboard */ = {
			isa = PBXVariantGroup;
			children = (
				111906702B6841E700C875D2 /* Base */,
			);
			name = Main.storyboard;
			sourceTree = "<group>";
		};
		111906742B6841E800C875D2 /* LaunchScreen.storyboard */ = {
			isa = PBXVariantGroup;
			children = (
				111906752B6841E800C875D2 /* Base */,
			);
			name = LaunchScreen.storyboard;
			sourceTree = "<group>";
		};
/* End PBXVariantGroup section */

/* Begin XCBuildConfiguration section */
		1119068E2B6841E900C875D2 /* Debug */ = {
			isa = XCBuildConfiguration;
			buildSettings = {
				ALWAYS_SEARCH_USER_PATHS = NO;
				ASSETCATALOG_COMPILER_GENERATE_SWIFT_ASSET_SYMBOL_EXTENSIONS = YES;
				CLANG_ANALYZER_NONNULL = YES;
				CLANG_ANALYZER_NUMBER_OBJECT_CONVERSION = YES_AGGRESSIVE;
				CLANG_CXX_LANGUAGE_STANDARD = "gnu++20";
				CLANG_ENABLE_MODULES = YES;
				CLANG_ENABLE_OBJC_ARC = YES;
				CLANG_ENABLE_OBJC_WEAK = YES;
				CLANG_WARN_BLOCK_CAPTURE_AUTORELEASING = YES;
				CLANG_WARN_BOOL_CONVERSION = YES;
				CLANG_WARN_COMMA = YES;
				CLANG_WARN_CONSTANT_CONVERSION = YES;
				CLANG_WARN_DEPRECATED_OBJC_IMPLEMENTATIONS = YES;
				CLANG_WARN_DIRECT_OBJC_ISA_USAGE = YES_ERROR;
				CLANG_WARN_DOCUMENTATION_COMMENTS = YES;
				CLANG_WARN_EMPTY_BODY = YES;
				CLANG_WARN_ENUM_CONVERSION = YES;
				CLANG_WARN_INFINITE_RECURSION = YES;
				CLANG_WARN_INT_CONVERSION = YES;
				CLANG_WARN_NON_LITERAL_NULL_CONVERSION = YES;
				CLANG_WARN_OBJC_IMPLICIT_RETAIN_SELF = YES;
				CLANG_WARN_OBJC_LITERAL_CONVERSION = YES;
				CLANG_WARN_OBJC_ROOT_CLASS = YES_ERROR;
				CLANG_WARN_QUOTED_INCLUDE_IN_FRAMEWORK_HEADER = YES;
				CLANG_WARN_RANGE_LOOP_ANALYSIS = YES;
				CLANG_WARN_STRICT_PROTOTYPES = YES;
				CLANG_WARN_SUSPICIOUS_MOVE = YES;
				CLANG_WARN_UNGUARDED_AVAILABILITY = YES_AGGRESSIVE;
				CLANG_WARN_UNREACHABLE_CODE = YES;
				CLANG_WARN__DUPLICATE_METHOD_MATCH = YES;
				COPY_PHASE_STRIP = NO;
				DEBUG_INFORMATION_FORMAT = dwarf;
				ENABLE_STRICT_OBJC_MSGSEND = YES;
				ENABLE_TESTABILITY = YES;
				ENABLE_USER_SCRIPT_SANDBOXING = YES;
				GCC_C_LANGUAGE_STANDARD = gnu17;
				GCC_DYNAMIC_NO_PIC = NO;
				GCC_NO_COMMON_BLOCKS = YES;
				GCC_OPTIMIZATION_LEVEL = 0;
				GCC_PREPROCESSOR_DEFINITIONS = (
					"DEBUG=1",
					"$(inherited)",
				);
				GCC_WARN_64_TO_32_BIT_CONVERSION = YES;
				GCC_WARN_ABOUT_RETURN_TYPE = YES_ERROR;
				GCC_WARN_UNDECLARED_SELECTOR = YES;
				GCC_WARN_UNINITIALIZED_AUTOS = YES_AGGRESSIVE;
				GCC_WARN_UNUSED_FUNCTION = YES;
				GCC_WARN_UNUSED_VARIABLE = YES;
				IPHONEOS_DEPLOYMENT_TARGET = 17.2;
				LOCALIZATION_PREFERS_STRING_CATALOGS = YES;
				MTL_ENABLE_DEBUG_INFO = INCLUDE_SOURCE;
				MTL_FAST_MATH = YES;
				ONLY_ACTIVE_ARCH = YES;
				SDKROOT = iphoneos;
				SWIFT_ACTIVE_COMPILATION_CONDITIONS = "DEBUG $(inherited)";
				SWIFT_OPTIMIZATION_LEVEL = "-Onone";
			};
			name = Debug;
		};
		1119068F2B6841E900C875D2 /* Release */ = {
			isa = XCBuildConfiguration;
			buildSettings = {
				ALWAYS_SEARCH_USER_PATHS = NO;
				ASSETCATALOG_COMPILER_GENERATE_SWIFT_ASSET_SYMBOL_EXTENSIONS = YES;
				CLANG_ANALYZER_NONNULL = YES;
				CLANG_ANALYZER_NUMBER_OBJECT_CONVERSION = YES_AGGRESSIVE;
				CLANG_CXX_LANGUAGE_STANDARD = "gnu++20";
				CLANG_ENABLE_MODULES = YES;
				CLANG_ENABLE_OBJC_ARC = YES;
				CLANG_ENABLE_OBJC_WEAK = YES;
				CLANG_WARN_BLOCK_CAPTURE_AUTORELEASING = YES;
				CLANG_WARN_BOOL_CONVERSION = YES;
				CLANG_WARN_COMMA = YES;
				CLANG_WARN_CONSTANT_CONVERSION = YES;
				CLANG_WARN_DEPRECATED_OBJC_IMPLEMENTATIONS = YES;
				CLANG_WARN_DIRECT_OBJC_ISA_USAGE = YES_ERROR;
				CLANG_WARN_DOCUMENTATION_COMMENTS = YES;
				CLANG_WARN_EMPTY_BODY = YES;
				CLANG_WARN_ENUM_CONVERSION = YES;
				CLANG_WARN_INFINITE_RECURSION = YES;
				CLANG_WARN_INT_CONVERSION = YES;
				CLANG_WARN_NON_LITERAL_NULL_CONVERSION = YES;
				CLANG_WARN_OBJC_IMPLICIT_RETAIN_SELF = YES;
				CLANG_WARN_OBJC_LITERAL_CONVERSION = YES;
				CLANG_WARN_OBJC_ROOT_CLASS = YES_ERROR;
				CLANG_WARN_QUOTED_INCLUDE_IN_FRAMEWORK_HEADER = YES;
				CLANG_WARN_RANGE_LOOP_ANALYSIS = YES;
				CLANG_WARN_STRICT_PROTOTYPES = YES;
				CLANG_WARN_SUSPICIOUS_MOVE = YES;
				CLANG_WARN_UNGUARDED_AVAILABILITY = YES_AGGRESSIVE;
				CLANG_WARN_UNREACHABLE_CODE = YES;
				CLANG_WARN__DUPLICATE_METHOD_MATCH = YES;
				COPY_PHASE_STRIP = NO;
				DEBUG_INFORMATION_FORMAT = "dwarf-with-dsym";
				ENABLE_NS_ASSERTIONS = NO;
				ENABLE_STRICT_OBJC_MSGSEND = YES;
				ENABLE_USER_SCRIPT_SANDBOXING = YES;
				GCC_C_LANGUAGE_STANDARD = gnu17;
				GCC_NO_COMMON_BLOCKS = YES;
				GCC_WARN_64_TO_32_BIT_CONVERSION = YES;
				GCC_WARN_ABOUT_RETURN_TYPE = YES_ERROR;
				GCC_WARN_UNDECLARED_SELECTOR = YES;
				GCC_WARN_UNINITIALIZED_AUTOS = YES_AGGRESSIVE;
				GCC_WARN_UNUSED_FUNCTION = YES;
				GCC_WARN_UNUSED_VARIABLE = YES;
				IPHONEOS_DEPLOYMENT_TARGET = 17.2;
				LOCALIZATION_PREFERS_STRING_CATALOGS = YES;
				MTL_ENABLE_DEBUG_INFO = NO;
				MTL_FAST_MATH = YES;
				SDKROOT = iphoneos;
				SWIFT_COMPILATION_MODE = wholemodule;
				VALIDATE_PRODUCT = YES;
			};
			name = Release;
		};
		111906912B6841E900C875D2 /* Debug */ = {
			isa = XCBuildConfiguration;
			buildSettings = {
				ASSETCATALOG_COMPILER_APPICON_NAME = AppIcon;
				ASSETCATALOG_COMPILER_GLOBAL_ACCENT_COLOR_NAME = AccentColor;
				CODE_SIGN_STYLE = Automatic;
				CURRENT_PROJECT_VERSION = 1;
				GENERATE_INFOPLIST_FILE = YES;
				INFOPLIST_FILE = AnimasyonluFab/Info.plist;
				INFOPLIST_KEY_UIApplicationSupportsIndirectInputEvents = YES;
				INFOPLIST_KEY_UILaunchStoryboardName = LaunchScreen;
				INFOPLIST_KEY_UIMainStoryboardFile = Main;
				INFOPLIST_KEY_UISupportedInterfaceOrientations_iPad = "UIInterfaceOrientationPortrait UIInterfaceOrientationPortraitUpsideDown UIInterfaceOrientationLandscapeLeft UIInterfaceOrientationLandscapeRight";
				INFOPLIST_KEY_UISupportedInterfaceOrientations_iPhone = "UIInterfaceOrientationPortrait UIInterfaceOrientationLandscapeLeft UIInterfaceOrientationLandscapeRight";
				LD_RUNPATH_SEARCH_PATHS = (
					"$(inherited)",
					"@executable_path/Frameworks",
				);
				MARKETING_VERSION = 1.0;
				PRODUCT_BUNDLE_IDENTIFIER = kabaliercanios.AnimasyonluFab;
				PRODUCT_NAME = "$(TARGET_NAME)";
				SWIFT_EMIT_LOC_STRINGS = YES;
				SWIFT_VERSION = 5.0;
				TARGETED_DEVICE_FAMILY = "1,2";
			};
			name = Debug;
		};
		111906922B6841E900C875D2 /* Release */ = {
			isa = XCBuildConfiguration;
			buildSettings = {
				ASSETCATALOG_COMPILER_APPICON_NAME = AppIcon;
				ASSETCATALOG_COMPILER_GLOBAL_ACCENT_COLOR_NAME = AccentColor;
				CODE_SIGN_STYLE = Automatic;
				CURRENT_PROJECT_VERSION = 1;
				GENERATE_INFOPLIST_FILE = YES;
				INFOPLIST_FILE = AnimasyonluFab/Info.plist;
				INFOPLIST_KEY_UIApplicationSupportsIndirectInputEvents = YES;
				INFOPLIST_KEY_UILaunchStoryboardName = LaunchScreen;
				INFOPLIST_KEY_UIMainStoryboardFile = Main;
				INFOPLIST_KEY_UISupportedInterfaceOrientations_iPad = "UIInterfaceOrientationPortrait UIInterfaceOrientationPortraitUpsideDown UIInterfaceOrientationLandscapeLeft UIInterfaceOrientationLandscapeRight";
				INFOPLIST_KEY_UISupportedInterfaceOrientations_iPhone = "UIInterfaceOrientationPortrait UIInterfaceOrientationLandscapeLeft UIInterfaceOrientationLandscapeRight";
				LD_RUNPATH_SEARCH_PATHS = (
					"$(inherited)",
					"@executable_path/Frameworks",
				);
				MARKETING_VERSION = 1.0;
				PRODUCT_BUNDLE_IDENTIFIER = kabaliercanios.AnimasyonluFab;
				PRODUCT_NAME = "$(TARGET_NAME)";
				SWIFT_EMIT_LOC_STRINGS = YES;
				SWIFT_VERSION = 5.0;
				TARGETED_DEVICE_FAMILY = "1,2";
			};
			name = Release;
		};
		111906942B6841E900C875D2 /* Debug */ = {
			isa = XCBuildConfiguration;
			buildSettings = {
				ALWAYS_EMBED_SWIFT_STANDARD_LIBRARIES = YES;
				BUNDLE_LOADER = "$(TEST_HOST)";
				CODE_SIGN_STYLE = Automatic;
				CURRENT_PROJECT_VERSION = 1;
				GENERATE_INFOPLIST_FILE = YES;
				IPHONEOS_DEPLOYMENT_TARGET = 17.2;
				MARKETING_VERSION = 1.0;
				PRODUCT_BUNDLE_IDENTIFIER = kabaliercanios.AnimasyonluFabTests;
				PRODUCT_NAME = "$(TARGET_NAME)";
				SWIFT_EMIT_LOC_STRINGS = NO;
				SWIFT_VERSION = 5.0;
				TARGETED_DEVICE_FAMILY = "1,2";
				TEST_HOST = "$(BUILT_PRODUCTS_DIR)/AnimasyonluFab.app/$(BUNDLE_EXECUTABLE_FOLDER_PATH)/AnimasyonluFab";
			};
			name = Debug;
		};
		111906952B6841E900C875D2 /* Release */ = {
			isa = XCBuildConfiguration;
			buildSettings = {
				ALWAYS_EMBED_SWIFT_STANDARD_LIBRARIES = YES;
				BUNDLE_LOADER = "$(TEST_HOST)";
				CODE_SIGN_STYLE = Automatic;
				CURRENT_PROJECT_VERSION = 1;
				GENERATE_INFOPLIST_FILE = YES;
				IPHONEOS_DEPLOYMENT_TARGET = 17.2;
				MARKETING_VERSION = 1.0;
				PRODUCT_BUNDLE_IDENTIFIER = kabaliercanios.AnimasyonluFabTests;
				PRODUCT_NAME = "$(TARGET_NAME)";
				SWIFT_EMIT_LOC_STRINGS = NO;
				SWIFT_VERSION = 5.0;
				TARGETED_DEVICE_FAMILY = "1,2";
				TEST_HOST = "$(BUILT_PRODUCTS_DIR)/AnimasyonluFab.app/$(BUNDLE_EXECUTABLE_FOLDER_PATH)/AnimasyonluFab";
			};
			name = Release;
		};
		111906972B6841E900C875D2 /* Debug */ = {
			isa = XCBuildConfiguration;
			buildSettings = {
				ALWAYS_EMBED_SWIFT_STANDARD_LIBRARIES = YES;
				CODE_SIGN_STYLE = Automatic;
				CURRENT_PROJECT_VERSION = 1;
				GENERATE_INFOPLIST_FILE = YES;
				MARKETING_VERSION = 1.0;
				PRODUCT_BUNDLE_IDENTIFIER = kabaliercanios.AnimasyonluFabUITests;
				PRODUCT_NAME = "$(TARGET_NAME)";
				SWIFT_EMIT_LOC_STRINGS = NO;
				SWIFT_VERSION = 5.0;
				TARGETED_DEVICE_FAMILY = "1,2";
				TEST_TARGET_NAME = AnimasyonluFab;
			};
			name = Debug;
		};
		111906982B6841E900C875D2 /* Release */ = {
			isa = XCBuildConfiguration;
			buildSettings = {
				ALWAYS_EMBED_SWIFT_STANDARD_LIBRARIES = YES;
				CODE_SIGN_STYLE = Automatic;
				CURRENT_PROJECT_VERSION = 1;
				GENERATE_INFOPLIST_FILE = YES;
				MARKETING_VERSION = 1.0;
				PRODUCT_BUNDLE_IDENTIFIER = kabaliercanios.AnimasyonluFabUITests;
				PRODUCT_NAME = "$(TARGET_NAME)";
				SWIFT_EMIT_LOC_STRINGS = NO;
				SWIFT_VERSION = 5.0;
				TARGETED_DEVICE_FAMILY = "1,2";
				TEST_TARGET_NAME = AnimasyonluFab;
			};
			name = Release;
		};
/* End XCBuildConfiguration section */

/* Begin XCConfigurationList section */
		111906612B6841E700C875D2 /* Build configuration list for PBXProject "AnimasyonluFab" */ = {
			isa = XCConfigurationList;
			buildConfigurations = (
				1119068E2B6841E900C875D2 /* Debug */,
				1119068F2B6841E900C875D2 /* Release */,
			);
			defaultConfigurationIsVisible = 0;
			defaultConfigurationName = Release;
		};
		111906902B6841E900C875D2 /* Build configuration list for PBXNativeTarget "AnimasyonluFab" */ = {
			isa = XCConfigurationList;
			buildConfigurations = (
				111906912B6841E900C875D2 /* Debug */,
				111906922B6841E900C875D2 /* Release */,
			);
			defaultConfigurationIsVisible = 0;
			defaultConfigurationName = Release;
		};
		111906932B6841E900C875D2 /* Build configuration list for PBXNativeTarget "AnimasyonluFabTests" */ = {
			isa = XCConfigurationList;
			buildConfigurations = (
				111906942B6841E900C875D2 /* Debug */,
				111906952B6841E900C875D2 /* Release */,
			);
			defaultConfigurationIsVisible = 0;
			defaultConfigurationName = Release;
		};
		111906962B6841E900C875D2 /* Build configuration list for PBXNativeTarget "AnimasyonluFabUITests" */ = {
			isa = XCConfigurationList;
			buildConfigurations = (
				111906972B6841E900C875D2 /* Debug */,
				111906982B6841E900C875D2 /* Release */,
			);
			defaultConfigurationIsVisible = 0;
			defaultConfigurationName = Release;
		};
/* End XCConfigurationList section */
	};
	rootObject = 1119065E2B6841E700C875D2 /* Project object */;
}
